{
  "name": "js-2d-pathing",
  "version": "1.0.0",
  "lockfileVersion": 2,
  "requires": true,
  "packages": {
    "": {
      "name": "js-2d-pathing",
      "version": "1.0.0",
      "license": "ISC",
      "devDependencies": {
        "@harxer/geometry": "^1.2.11"
      }
    },
    "node_modules/@harxer/geometry": {
      "version": "1.2.11",
      "resolved": "https://npm.pkg.github.com/download/@Harxer/geometry/1.2.11/d29965c4f397171372f5842fa9a0bd0eb929b6ac",
      "integrity": "sha512-/syZVTQK7C3HfbgE1ERdzJk++++fHsNObkToQkBmSMn4jVHe0oQ48dHm/2ZKFOJA9oJwVjew3GZPbp6i0SVQMw==",
      "dev": true,
      "license": "ISC"
    }
  },
  "dependencies": {
    "@harxer/geometry": {
      "version": "1.2.11",
      "resolved": "https://npm.pkg.github.com/download/@Harxer/geometry/1.2.11/d29965c4f397171372f5842fa9a0bd0eb929b6ac",
      "integrity": "sha512-/syZVTQK7C3HfbgE1ERdzJk++++fHsNObkToQkBmSMn4jVHe0oQ48dHm/2ZKFOJA9oJwVjew3GZPbp6i0SVQMw==",
      "dev": true
    }
  }
}
