{
  "name": "js-2d-pathing",
  "version": "1.0.0",
  "lockfileVersion": 2,
  "requires": true,
  "packages": {
    "": {
      "name": "js-2d-pathing",
      "version": "1.0.0",
      "license": "ISC",
      "dependencies": {
        "@harxer/geometry": "^1.2.2"
      }
    },
    "../../../Harxer/geometry": {
      "name": "@harxer/geometry",
      "version": "1.2.14",
      "extraneous": true,
      "license": "ISC",
      "devDependencies": {
        "eslint": "^8.55.0",
        "eslint-config-google": "^0.14.0",
        "jest": "^29.7.0"
      }
    },
    "node_modules/@harxer/geometry": {
      "version": "1.2.2",
      "resolved": "https://npm.pkg.github.com/download/@Harxer/geometry/1.2.2/34e49e80f61ad822c8e5b62adc3b0f1f58a2f296",
      "integrity": "sha512-N8ircip7JcJJrVHXkLaIfvhmXm1t5CPJT4lyMIm5M3g17gVZAoCKU4A7l+Y7GtVCfDqxcJWGMAkx5csFBNwi0A==",
      "license": "ISC"
    }
  },
  "dependencies": {
    "@harxer/geometry": {
      "version": "1.2.2",
      "resolved": "https://npm.pkg.github.com/download/@Harxer/geometry/1.2.2/34e49e80f61ad822c8e5b62adc3b0f1f58a2f296",
      "integrity": "sha512-N8ircip7JcJJrVHXkLaIfvhmXm1t5CPJT4lyMIm5M3g17gVZAoCKU4A7l+Y7GtVCfDqxcJWGMAkx5csFBNwi0A=="
    }
  }
}
